
Microsoft Visual Studio Solution File, Format Version 12.00
# Visual Studio Version 17
VisualStudioVersion = 17.6.33723.286
MinimumVisualStudioVersion = 10.0.40219.1
Project("{FAE04EC0-301F-11D3-BF4B-00C04F79EFBC}") = "CarParking", "CarParking\CarParking.csproj", "{02279C88-3B12-42BD-A9BF-AB0081459833}"
EndProject
Global
	GlobalSection(SolutionConfigurationPlatforms) = preSolution
		Debug|Any CPU = Debug|Any CPU
		Release|Any CPU = Release|Any CPU
	EndGlobalSection
	GlobalSection(ProjectConfigurationPlatforms) = postSolution
		{02279C88-3B12-42BD-A9BF-AB0081459833}.Debug|Any CPU.ActiveCfg = Debug|Any CPU
		{02279C88-3B12-42BD-A9BF-AB0081459833}.Debug|Any CPU.Build.0 = Debug|Any CPU
		{02279C88-3B12-42BD-A9BF-AB0081459833}.Release|Any CPU.ActiveCfg = Release|Any CPU
		{02279C88-3B12-42BD-A9BF-AB0081459833}.Release|Any CPU.Build.0 = Release|Any CPU
	EndGlobalSection
	GlobalSection(SolutionProperties) = preSolution
		HideSolutionNode = FALSE
	EndGlobalSection
	GlobalSection(ExtensibilityGlobals) = postSolution
		SolutionGuid = {455F4B00-1F42-4A9B-9989-E60041E7C04A}
	EndGlobalSection
EndGlobal
